
Microsoft Visual Studio Solution File, Format Version 12.00
# Visual Studio Version 17
VisualStudioVersion = 17.8.34322.80
MinimumVisualStudioVersion = 10.0.40219.1
Project("{2150E333-8FDC-42A3-9474-1A3956D46DE8}") = "MicroServices", "MicroServices", "{B1BFA149-C00E-451C-BD26-C4858FEB0285}"
EndProject
Project("{2150E333-8FDC-42A3-9474-1A3956D46DE8}") = "RnD", "RnD", "{B12213F2-CC63-4E2B-822D-5502050A401B}"
EndProject
Project("{9A19103F-16F7-4668-BE54-9A1E7A4F7556}") = "TH.RnD.API", "MicroServices\RnD\TH.RnD.API\TH.RnD.API.csproj", "{58BA364A-A30A-4BF4-913D-CC4EE4AE9370}"
EndProject
Project("{9A19103F-16F7-4668-BE54-9A1E7A4F7556}") = "TH.RnD.Web", "MicroServices\RnD\TH.RnD.Web\TH.RnD.Web.csproj", "{D2CC4493-9E38-474C-AB1A-B1913B053F94}"
EndProject
Project("{9A19103F-16F7-4668-BE54-9A1E7A4F7556}") = "TH.RnD.CL", "MicroServices\RnD\TH.RnD.CL\TH.RnD.CL.csproj", "{92FE1D21-4514-4EFA-914A-2DC309983E51}"
EndProject
Project("{2150E333-8FDC-42A3-9474-1A3956D46DE8}") = "Solution Items", "Solution Items", "{14333E1C-5FBC-42D1-95B4-C6CE43AE4141}"
	ProjectSection(SolutionItems) = preProject
		ReadMe.txt = ReadMe.txt
	EndProjectSection
EndProject
Project("{2150E333-8FDC-42A3-9474-1A3956D46DE8}") = "UserSvc", "UserSvc", "{61F5D109-C217-4450-9DFC-1407A1603011}"
EndProject
Project("{9A19103F-16F7-4668-BE54-9A1E7A4F7556}") = "TH.UserSvc.API", "MicroServices\UserSvc\TH.UserSvc.API\TH.UserSvc.API.csproj", "{DAD6240E-BC11-4C1C-B994-22E62D579C95}"
EndProject
Project("{9A19103F-16F7-4668-BE54-9A1E7A4F7556}") = "TH.UserSvc.Core", "MicroServices\UserSvc\TH.UserSvc.Core\TH.UserSvc.Core.csproj", "{114FB3DE-C465-4CD6-B767-36BE70C145A7}"
EndProject
Project("{9A19103F-16F7-4668-BE54-9A1E7A4F7556}") = "TH.UserSvc.App", "MicroServices\UserSvc\TH.UserSvc.App\TH.UserSvc.App.csproj", "{7F801F0F-7768-4B5E-8EA8-B76E6DDC2F0F}"
EndProject
Project("{9A19103F-16F7-4668-BE54-9A1E7A4F7556}") = "TH.UserSvc.Infra", "MicroServices\UserSvc\TH.UserSvc.Infra\TH.UserSvc.Infra.csproj", "{B1BCFBCE-7C64-4DE7-B795-051E2DBDBD8E}"
EndProject
Project("{2150E333-8FDC-42A3-9474-1A3956D46DE8}") = "AddressMS", "AddressMS", "{6B651FEF-BC7D-443E-A343-D762BF3BF92C}"
EndProject
Project("{9A19103F-16F7-4668-BE54-9A1E7A4F7556}") = "TH.AddressMS.API", "MicroServices\AddressMS\TH.AddressMS.API\TH.AddressMS.API.csproj", "{004BF324-AE32-46B6-9770-9106893D41A1}"
EndProject
Project("{9A19103F-16F7-4668-BE54-9A1E7A4F7556}") = "TH.AddressMS.Core", "MicroServices\AddressMS\TH.AddressMS.Core\TH.AddressMS.Core.csproj", "{A4826227-333E-4848-A99B-92D482289D12}"
EndProject
Project("{9A19103F-16F7-4668-BE54-9A1E7A4F7556}") = "TH.AddressMS.App", "MicroServices\AddressMS\TH.AddressMS.App\TH.AddressMS.App.csproj", "{18D860C5-E276-4DE7-8F3A-7FE3E155B64B}"
EndProject
Project("{9A19103F-16F7-4668-BE54-9A1E7A4F7556}") = "TH.AddressMS.Infra", "MicroServices\AddressMS\TH.AddressMS.Infra\TH.AddressMS.Infra.csproj", "{9AA7D379-3457-4BDC-BEA9-E6E16C573DFA}"
EndProject
Project("{9A19103F-16F7-4668-BE54-9A1E7A4F7556}") = "TH.AddressMS.Mongo", "MicroServices\AddressMS\TH.AddressMS.Mongo\TH.AddressMS.Mongo.csproj", "{FE6743E3-50D3-4E8C-91D6-522823979AF9}"
EndProject
Project("{2150E333-8FDC-42A3-9474-1A3956D46DE8}") = "PhoneMS", "PhoneMS", "{6C1C121F-39B6-4901-93F7-EF3ED978D0C3}"
EndProject
Project("{9A19103F-16F7-4668-BE54-9A1E7A4F7556}") = "TH.PhoneMS.API", "MicroServices\PhoneMS\TH.PhoneMS.API\TH.PhoneMS.API.csproj", "{906CDB8D-1CB4-498E-8C46-1F0A55E52C84}"
EndProject
Project("{9A19103F-16F7-4668-BE54-9A1E7A4F7556}") = "TH.PhoneMS.Core", "MicroServices\PhoneMS\TH.PhoneMS.Core\TH.PhoneMS.Core.csproj", "{3B555D31-B030-4A42-A859-73AA262A42F7}"
EndProject
Project("{9A19103F-16F7-4668-BE54-9A1E7A4F7556}") = "TH.PhoneMS.App", "MicroServices\PhoneMS\TH.PhoneMS.App\TH.PhoneMS.App.csproj", "{C044A5B5-9450-4F49-9953-0168889AB4FA}"
EndProject
Project("{9A19103F-16F7-4668-BE54-9A1E7A4F7556}") = "TH.PhoneMS.Infra", "MicroServices\PhoneMS\TH.PhoneMS.Infra\TH.PhoneMS.Infra.csproj", "{AE3C46DD-7ED5-4655-A498-E76C16AFCCDA}"
EndProject
Project("{2150E333-8FDC-42A3-9474-1A3956D46DE8}") = "MongoRnDMS", "MongoRnDMS", "{317CBE36-9D0B-400B-9FC3-DCED7CEADEC2}"
EndProject
Project("{9A19103F-16F7-4668-BE54-9A1E7A4F7556}") = "TH.MongoRnDMS.API", "MicroServices\MongoRnDMS\TH.MongoRnDMS.API\TH.MongoRnDMS.API.csproj", "{74CD4250-6487-4934-B11A-ED429F192FFA}"
EndProject
Project("{9A19103F-16F7-4668-BE54-9A1E7A4F7556}") = "TH.MongoRnDMS.Core", "MicroServices\MongoRnDMS\TH.MongoRnDMS.Core\TH.MongoRnDMS.Core.csproj", "{3F93C1ED-B5BF-442C-BFAC-4771DB39FA8A}"
EndProject
Project("{9A19103F-16F7-4668-BE54-9A1E7A4F7556}") = "TH.MongoRnDMS.App", "MicroServices\MongoRnDMS\TH.MongoRnDMS.App\TH.MongoRnDMS.App.csproj", "{C2E33745-061D-4E64-A075-77BF93E20F8B}"
EndProject
Project("{9A19103F-16F7-4668-BE54-9A1E7A4F7556}") = "TH.MongoRnDMS.Infra", "MicroServices\MongoRnDMS\TH.MongoRnDMS.Infra\TH.MongoRnDMS.Infra.csproj", "{1961D428-60B3-4323-A835-190A9023A742}"
EndProject
Project("{2150E333-8FDC-42A3-9474-1A3956D46DE8}") = "CommonServices", "CommonServices", "{A48EA14D-D17F-46E4-A1A3-283C2BC2509C}"
EndProject
Project("{9A19103F-16F7-4668-BE54-9A1E7A4F7556}") = "TH.Common.Lang", "CommonServices\TH.Common.Lang\TH.Common.Lang.csproj", "{3D894227-8E3E-46C2-B0F1-8640700ED7A1}"
EndProject
Project("{9A19103F-16F7-4668-BE54-9A1E7A4F7556}") = "TH.Common.Lang.Test", "CommonServices\TH.Common.Lang.Test\TH.Common.Lang.Test.csproj", "{1AEC265C-BF39-488A-B2AC-63013A9B186C}"
EndProject
Project("{9A19103F-16F7-4668-BE54-9A1E7A4F7556}") = "TH.MongoRnDMS.Common", "MicroServices\MongoRnDMS\TH.MongoRnDMS.Common\TH.MongoRnDMS.Common.csproj", "{E02FB4CB-56DD-4A9D-9E79-0074D90C8D46}"
EndProject
Project("{2150E333-8FDC-42A3-9474-1A3956D46DE8}") = "AuthMS", "AuthMS", "{808B1E9D-E546-43F1-A1BA-415C31C9B0F8}"
EndProject
Project("{9A19103F-16F7-4668-BE54-9A1E7A4F7556}") = "TH.AuthMS.API", "MicroServices\AuthMS\TH.AuthMS.API\TH.AuthMS.API.csproj", "{20C266EF-928B-4A17-81BF-864718532761}"
EndProject
Project("{9A19103F-16F7-4668-BE54-9A1E7A4F7556}") = "TH.AuthMS.Core", "MicroServices\AuthMS\TH.AuthMS.Core\TH.AuthMS.Core.csproj", "{8405ED46-4579-4F31-AAC4-1D39363E446B}"
EndProject
Project("{9A19103F-16F7-4668-BE54-9A1E7A4F7556}") = "TH.AuthMS.App", "MicroServices\AuthMS\TH.AuthMS.App\TH.AuthMS.App.csproj", "{64ADDFEB-EA7B-47BC-BD4E-7D3029FF7E8B}"
EndProject
Project("{9A19103F-16F7-4668-BE54-9A1E7A4F7556}") = "TH.AuthMS.Infra", "MicroServices\AuthMS\TH.AuthMS.Infra\TH.AuthMS.Infra.csproj", "{37F606DD-E776-4F63-8B43-094187D9634F}"
EndProject
Project("{FAE04EC0-301F-11D3-BF4B-00C04F79EFBC}") = "TH.Common.Util", "CommonServices\TH.Common.Util\TH.Common.Util.csproj", "{C35486A6-46F4-4015-95E4-8640B1AA25B9}"
EndProject
Global
	GlobalSection(SolutionConfigurationPlatforms) = preSolution
		Debug|Any CPU = Debug|Any CPU
		Release|Any CPU = Release|Any CPU
	EndGlobalSection
	GlobalSection(ProjectConfigurationPlatforms) = postSolution
		{58BA364A-A30A-4BF4-913D-CC4EE4AE9370}.Debug|Any CPU.ActiveCfg = Debug|Any CPU
		{58BA364A-A30A-4BF4-913D-CC4EE4AE9370}.Debug|Any CPU.Build.0 = Debug|Any CPU
		{58BA364A-A30A-4BF4-913D-CC4EE4AE9370}.Release|Any CPU.ActiveCfg = Release|Any CPU
		{58BA364A-A30A-4BF4-913D-CC4EE4AE9370}.Release|Any CPU.Build.0 = Release|Any CPU
		{D2CC4493-9E38-474C-AB1A-B1913B053F94}.Debug|Any CPU.ActiveCfg = Debug|Any CPU
		{D2CC4493-9E38-474C-AB1A-B1913B053F94}.Debug|Any CPU.Build.0 = Debug|Any CPU
		{D2CC4493-9E38-474C-AB1A-B1913B053F94}.Release|Any CPU.ActiveCfg = Release|Any CPU
		{D2CC4493-9E38-474C-AB1A-B1913B053F94}.Release|Any CPU.Build.0 = Release|Any CPU
		{92FE1D21-4514-4EFA-914A-2DC309983E51}.Debug|Any CPU.ActiveCfg = Debug|Any CPU
		{92FE1D21-4514-4EFA-914A-2DC309983E51}.Debug|Any CPU.Build.0 = Debug|Any CPU
		{92FE1D21-4514-4EFA-914A-2DC309983E51}.Release|Any CPU.ActiveCfg = Release|Any CPU
		{92FE1D21-4514-4EFA-914A-2DC309983E51}.Release|Any CPU.Build.0 = Release|Any CPU
		{DAD6240E-BC11-4C1C-B994-22E62D579C95}.Debug|Any CPU.ActiveCfg = Debug|Any CPU
		{DAD6240E-BC11-4C1C-B994-22E62D579C95}.Debug|Any CPU.Build.0 = Debug|Any CPU
		{DAD6240E-BC11-4C1C-B994-22E62D579C95}.Release|Any CPU.ActiveCfg = Release|Any CPU
		{DAD6240E-BC11-4C1C-B994-22E62D579C95}.Release|Any CPU.Build.0 = Release|Any CPU
		{114FB3DE-C465-4CD6-B767-36BE70C145A7}.Debug|Any CPU.ActiveCfg = Debug|Any CPU
		{114FB3DE-C465-4CD6-B767-36BE70C145A7}.Debug|Any CPU.Build.0 = Debug|Any CPU
		{114FB3DE-C465-4CD6-B767-36BE70C145A7}.Release|Any CPU.ActiveCfg = Release|Any CPU
		{114FB3DE-C465-4CD6-B767-36BE70C145A7}.Release|Any CPU.Build.0 = Release|Any CPU
		{7F801F0F-7768-4B5E-8EA8-B76E6DDC2F0F}.Debug|Any CPU.ActiveCfg = Debug|Any CPU
		{7F801F0F-7768-4B5E-8EA8-B76E6DDC2F0F}.Debug|Any CPU.Build.0 = Debug|Any CPU
		{7F801F0F-7768-4B5E-8EA8-B76E6DDC2F0F}.Release|Any CPU.ActiveCfg = Release|Any CPU
		{7F801F0F-7768-4B5E-8EA8-B76E6DDC2F0F}.Release|Any CPU.Build.0 = Release|Any CPU
		{B1BCFBCE-7C64-4DE7-B795-051E2DBDBD8E}.Debug|Any CPU.ActiveCfg = Debug|Any CPU
		{B1BCFBCE-7C64-4DE7-B795-051E2DBDBD8E}.Debug|Any CPU.Build.0 = Debug|Any CPU
		{B1BCFBCE-7C64-4DE7-B795-051E2DBDBD8E}.Release|Any CPU.ActiveCfg = Release|Any CPU
		{B1BCFBCE-7C64-4DE7-B795-051E2DBDBD8E}.Release|Any CPU.Build.0 = Release|Any CPU
		{004BF324-AE32-46B6-9770-9106893D41A1}.Debug|Any CPU.ActiveCfg = Debug|Any CPU
		{004BF324-AE32-46B6-9770-9106893D41A1}.Debug|Any CPU.Build.0 = Debug|Any CPU
		{004BF324-AE32-46B6-9770-9106893D41A1}.Release|Any CPU.ActiveCfg = Release|Any CPU
		{004BF324-AE32-46B6-9770-9106893D41A1}.Release|Any CPU.Build.0 = Release|Any CPU
		{A4826227-333E-4848-A99B-92D482289D12}.Debug|Any CPU.ActiveCfg = Debug|Any CPU
		{A4826227-333E-4848-A99B-92D482289D12}.Debug|Any CPU.Build.0 = Debug|Any CPU
		{A4826227-333E-4848-A99B-92D482289D12}.Release|Any CPU.ActiveCfg = Release|Any CPU
		{A4826227-333E-4848-A99B-92D482289D12}.Release|Any CPU.Build.0 = Release|Any CPU
		{18D860C5-E276-4DE7-8F3A-7FE3E155B64B}.Debug|Any CPU.ActiveCfg = Debug|Any CPU
		{18D860C5-E276-4DE7-8F3A-7FE3E155B64B}.Debug|Any CPU.Build.0 = Debug|Any CPU
		{18D860C5-E276-4DE7-8F3A-7FE3E155B64B}.Release|Any CPU.ActiveCfg = Release|Any CPU
		{18D860C5-E276-4DE7-8F3A-7FE3E155B64B}.Release|Any CPU.Build.0 = Release|Any CPU
		{9AA7D379-3457-4BDC-BEA9-E6E16C573DFA}.Debug|Any CPU.ActiveCfg = Debug|Any CPU
		{9AA7D379-3457-4BDC-BEA9-E6E16C573DFA}.Debug|Any CPU.Build.0 = Debug|Any CPU
		{9AA7D379-3457-4BDC-BEA9-E6E16C573DFA}.Release|Any CPU.ActiveCfg = Release|Any CPU
		{9AA7D379-3457-4BDC-BEA9-E6E16C573DFA}.Release|Any CPU.Build.0 = Release|Any CPU
		{FE6743E3-50D3-4E8C-91D6-522823979AF9}.Debug|Any CPU.ActiveCfg = Debug|Any CPU
		{FE6743E3-50D3-4E8C-91D6-522823979AF9}.Debug|Any CPU.Build.0 = Debug|Any CPU
		{FE6743E3-50D3-4E8C-91D6-522823979AF9}.Release|Any CPU.ActiveCfg = Release|Any CPU
		{FE6743E3-50D3-4E8C-91D6-522823979AF9}.Release|Any CPU.Build.0 = Release|Any CPU
		{906CDB8D-1CB4-498E-8C46-1F0A55E52C84}.Debug|Any CPU.ActiveCfg = Debug|Any CPU
		{906CDB8D-1CB4-498E-8C46-1F0A55E52C84}.Debug|Any CPU.Build.0 = Debug|Any CPU
		{906CDB8D-1CB4-498E-8C46-1F0A55E52C84}.Release|Any CPU.ActiveCfg = Release|Any CPU
		{906CDB8D-1CB4-498E-8C46-1F0A55E52C84}.Release|Any CPU.Build.0 = Release|Any CPU
		{3B555D31-B030-4A42-A859-73AA262A42F7}.Debug|Any CPU.ActiveCfg = Debug|Any CPU
		{3B555D31-B030-4A42-A859-73AA262A42F7}.Debug|Any CPU.Build.0 = Debug|Any CPU
		{3B555D31-B030-4A42-A859-73AA262A42F7}.Release|Any CPU.ActiveCfg = Release|Any CPU
		{3B555D31-B030-4A42-A859-73AA262A42F7}.Release|Any CPU.Build.0 = Release|Any CPU
		{C044A5B5-9450-4F49-9953-0168889AB4FA}.Debug|Any CPU.ActiveCfg = Debug|Any CPU
		{C044A5B5-9450-4F49-9953-0168889AB4FA}.Debug|Any CPU.Build.0 = Debug|Any CPU
		{C044A5B5-9450-4F49-9953-0168889AB4FA}.Release|Any CPU.ActiveCfg = Release|Any CPU
		{C044A5B5-9450-4F49-9953-0168889AB4FA}.Release|Any CPU.Build.0 = Release|Any CPU
		{AE3C46DD-7ED5-4655-A498-E76C16AFCCDA}.Debug|Any CPU.ActiveCfg = Debug|Any CPU
		{AE3C46DD-7ED5-4655-A498-E76C16AFCCDA}.Debug|Any CPU.Build.0 = Debug|Any CPU
		{AE3C46DD-7ED5-4655-A498-E76C16AFCCDA}.Release|Any CPU.ActiveCfg = Release|Any CPU
		{AE3C46DD-7ED5-4655-A498-E76C16AFCCDA}.Release|Any CPU.Build.0 = Release|Any CPU
		{74CD4250-6487-4934-B11A-ED429F192FFA}.Debug|Any CPU.ActiveCfg = Debug|Any CPU
		{74CD4250-6487-4934-B11A-ED429F192FFA}.Debug|Any CPU.Build.0 = Debug|Any CPU
		{74CD4250-6487-4934-B11A-ED429F192FFA}.Release|Any CPU.ActiveCfg = Release|Any CPU
		{74CD4250-6487-4934-B11A-ED429F192FFA}.Release|Any CPU.Build.0 = Release|Any CPU
		{3F93C1ED-B5BF-442C-BFAC-4771DB39FA8A}.Debug|Any CPU.ActiveCfg = Debug|Any CPU
		{3F93C1ED-B5BF-442C-BFAC-4771DB39FA8A}.Debug|Any CPU.Build.0 = Debug|Any CPU
		{3F93C1ED-B5BF-442C-BFAC-4771DB39FA8A}.Release|Any CPU.ActiveCfg = Release|Any CPU
		{3F93C1ED-B5BF-442C-BFAC-4771DB39FA8A}.Release|Any CPU.Build.0 = Release|Any CPU
		{C2E33745-061D-4E64-A075-77BF93E20F8B}.Debug|Any CPU.ActiveCfg = Debug|Any CPU
		{C2E33745-061D-4E64-A075-77BF93E20F8B}.Debug|Any CPU.Build.0 = Debug|Any CPU
		{C2E33745-061D-4E64-A075-77BF93E20F8B}.Release|Any CPU.ActiveCfg = Release|Any CPU
		{C2E33745-061D-4E64-A075-77BF93E20F8B}.Release|Any CPU.Build.0 = Release|Any CPU
		{1961D428-60B3-4323-A835-190A9023A742}.Debug|Any CPU.ActiveCfg = Debug|Any CPU
		{1961D428-60B3-4323-A835-190A9023A742}.Debug|Any CPU.Build.0 = Debug|Any CPU
		{1961D428-60B3-4323-A835-190A9023A742}.Release|Any CPU.ActiveCfg = Release|Any CPU
		{1961D428-60B3-4323-A835-190A9023A742}.Release|Any CPU.Build.0 = Release|Any CPU
		{3D894227-8E3E-46C2-B0F1-8640700ED7A1}.Debug|Any CPU.ActiveCfg = Debug|Any CPU
		{3D894227-8E3E-46C2-B0F1-8640700ED7A1}.Debug|Any CPU.Build.0 = Debug|Any CPU
		{3D894227-8E3E-46C2-B0F1-8640700ED7A1}.Release|Any CPU.ActiveCfg = Release|Any CPU
		{3D894227-8E3E-46C2-B0F1-8640700ED7A1}.Release|Any CPU.Build.0 = Release|Any CPU
		{1AEC265C-BF39-488A-B2AC-63013A9B186C}.Debug|Any CPU.ActiveCfg = Debug|Any CPU
		{1AEC265C-BF39-488A-B2AC-63013A9B186C}.Debug|Any CPU.Build.0 = Debug|Any CPU
		{1AEC265C-BF39-488A-B2AC-63013A9B186C}.Release|Any CPU.ActiveCfg = Release|Any CPU
		{1AEC265C-BF39-488A-B2AC-63013A9B186C}.Release|Any CPU.Build.0 = Release|Any CPU
		{E02FB4CB-56DD-4A9D-9E79-0074D90C8D46}.Debug|Any CPU.ActiveCfg = Debug|Any CPU
		{E02FB4CB-56DD-4A9D-9E79-0074D90C8D46}.Debug|Any CPU.Build.0 = Debug|Any CPU
		{E02FB4CB-56DD-4A9D-9E79-0074D90C8D46}.Release|Any CPU.ActiveCfg = Release|Any CPU
		{E02FB4CB-56DD-4A9D-9E79-0074D90C8D46}.Release|Any CPU.Build.0 = Release|Any CPU
		{20C266EF-928B-4A17-81BF-864718532761}.Debug|Any CPU.ActiveCfg = Debug|Any CPU
		{20C266EF-928B-4A17-81BF-864718532761}.Debug|Any CPU.Build.0 = Debug|Any CPU
		{20C266EF-928B-4A17-81BF-864718532761}.Release|Any CPU.ActiveCfg = Release|Any CPU
		{20C266EF-928B-4A17-81BF-864718532761}.Release|Any CPU.Build.0 = Release|Any CPU
		{8405ED46-4579-4F31-AAC4-1D39363E446B}.Debug|Any CPU.ActiveCfg = Debug|Any CPU
		{8405ED46-4579-4F31-AAC4-1D39363E446B}.Debug|Any CPU.Build.0 = Debug|Any CPU
		{8405ED46-4579-4F31-AAC4-1D39363E446B}.Release|Any CPU.ActiveCfg = Release|Any CPU
		{8405ED46-4579-4F31-AAC4-1D39363E446B}.Release|Any CPU.Build.0 = Release|Any CPU
		{64ADDFEB-EA7B-47BC-BD4E-7D3029FF7E8B}.Debug|Any CPU.ActiveCfg = Debug|Any CPU
		{64ADDFEB-EA7B-47BC-BD4E-7D3029FF7E8B}.Debug|Any CPU.Build.0 = Debug|Any CPU
		{64ADDFEB-EA7B-47BC-BD4E-7D3029FF7E8B}.Release|Any CPU.ActiveCfg = Release|Any CPU
		{64ADDFEB-EA7B-47BC-BD4E-7D3029FF7E8B}.Release|Any CPU.Build.0 = Release|Any CPU
		{37F606DD-E776-4F63-8B43-094187D9634F}.Debug|Any CPU.ActiveCfg = Debug|Any CPU
		{37F606DD-E776-4F63-8B43-094187D9634F}.Debug|Any CPU.Build.0 = Debug|Any CPU
		{37F606DD-E776-4F63-8B43-094187D9634F}.Release|Any CPU.ActiveCfg = Release|Any CPU
		{37F606DD-E776-4F63-8B43-094187D9634F}.Release|Any CPU.Build.0 = Release|Any CPU
		{C35486A6-46F4-4015-95E4-8640B1AA25B9}.Debug|Any CPU.ActiveCfg = Debug|Any CPU
		{C35486A6-46F4-4015-95E4-8640B1AA25B9}.Debug|Any CPU.Build.0 = Debug|Any CPU
		{C35486A6-46F4-4015-95E4-8640B1AA25B9}.Release|Any CPU.ActiveCfg = Release|Any CPU
		{C35486A6-46F4-4015-95E4-8640B1AA25B9}.Release|Any CPU.Build.0 = Release|Any CPU
	EndGlobalSection
	GlobalSection(SolutionProperties) = preSolution
		HideSolutionNode = FALSE
	EndGlobalSection
	GlobalSection(NestedProjects) = preSolution
		{B12213F2-CC63-4E2B-822D-5502050A401B} = {B1BFA149-C00E-451C-BD26-C4858FEB0285}
		{58BA364A-A30A-4BF4-913D-CC4EE4AE9370} = {B12213F2-CC63-4E2B-822D-5502050A401B}
		{D2CC4493-9E38-474C-AB1A-B1913B053F94} = {B12213F2-CC63-4E2B-822D-5502050A401B}
		{92FE1D21-4514-4EFA-914A-2DC309983E51} = {B12213F2-CC63-4E2B-822D-5502050A401B}
		{61F5D109-C217-4450-9DFC-1407A1603011} = {B1BFA149-C00E-451C-BD26-C4858FEB0285}
		{DAD6240E-BC11-4C1C-B994-22E62D579C95} = {61F5D109-C217-4450-9DFC-1407A1603011}
		{114FB3DE-C465-4CD6-B767-36BE70C145A7} = {61F5D109-C217-4450-9DFC-1407A1603011}
		{7F801F0F-7768-4B5E-8EA8-B76E6DDC2F0F} = {61F5D109-C217-4450-9DFC-1407A1603011}
		{B1BCFBCE-7C64-4DE7-B795-051E2DBDBD8E} = {61F5D109-C217-4450-9DFC-1407A1603011}
		{6B651FEF-BC7D-443E-A343-D762BF3BF92C} = {B1BFA149-C00E-451C-BD26-C4858FEB0285}
		{004BF324-AE32-46B6-9770-9106893D41A1} = {6B651FEF-BC7D-443E-A343-D762BF3BF92C}
		{A4826227-333E-4848-A99B-92D482289D12} = {6B651FEF-BC7D-443E-A343-D762BF3BF92C}
		{18D860C5-E276-4DE7-8F3A-7FE3E155B64B} = {6B651FEF-BC7D-443E-A343-D762BF3BF92C}
		{9AA7D379-3457-4BDC-BEA9-E6E16C573DFA} = {6B651FEF-BC7D-443E-A343-D762BF3BF92C}
		{FE6743E3-50D3-4E8C-91D6-522823979AF9} = {6B651FEF-BC7D-443E-A343-D762BF3BF92C}
		{6C1C121F-39B6-4901-93F7-EF3ED978D0C3} = {B1BFA149-C00E-451C-BD26-C4858FEB0285}
		{906CDB8D-1CB4-498E-8C46-1F0A55E52C84} = {6C1C121F-39B6-4901-93F7-EF3ED978D0C3}
		{3B555D31-B030-4A42-A859-73AA262A42F7} = {6C1C121F-39B6-4901-93F7-EF3ED978D0C3}
		{C044A5B5-9450-4F49-9953-0168889AB4FA} = {6C1C121F-39B6-4901-93F7-EF3ED978D0C3}
		{AE3C46DD-7ED5-4655-A498-E76C16AFCCDA} = {6C1C121F-39B6-4901-93F7-EF3ED978D0C3}
		{317CBE36-9D0B-400B-9FC3-DCED7CEADEC2} = {B1BFA149-C00E-451C-BD26-C4858FEB0285}
		{74CD4250-6487-4934-B11A-ED429F192FFA} = {317CBE36-9D0B-400B-9FC3-DCED7CEADEC2}
		{3F93C1ED-B5BF-442C-BFAC-4771DB39FA8A} = {317CBE36-9D0B-400B-9FC3-DCED7CEADEC2}
		{C2E33745-061D-4E64-A075-77BF93E20F8B} = {317CBE36-9D0B-400B-9FC3-DCED7CEADEC2}
		{1961D428-60B3-4323-A835-190A9023A742} = {317CBE36-9D0B-400B-9FC3-DCED7CEADEC2}
		{3D894227-8E3E-46C2-B0F1-8640700ED7A1} = {A48EA14D-D17F-46E4-A1A3-283C2BC2509C}
		{1AEC265C-BF39-488A-B2AC-63013A9B186C} = {A48EA14D-D17F-46E4-A1A3-283C2BC2509C}
		{E02FB4CB-56DD-4A9D-9E79-0074D90C8D46} = {317CBE36-9D0B-400B-9FC3-DCED7CEADEC2}
		{808B1E9D-E546-43F1-A1BA-415C31C9B0F8} = {B1BFA149-C00E-451C-BD26-C4858FEB0285}
		{20C266EF-928B-4A17-81BF-864718532761} = {808B1E9D-E546-43F1-A1BA-415C31C9B0F8}
		{8405ED46-4579-4F31-AAC4-1D39363E446B} = {808B1E9D-E546-43F1-A1BA-415C31C9B0F8}
		{64ADDFEB-EA7B-47BC-BD4E-7D3029FF7E8B} = {808B1E9D-E546-43F1-A1BA-415C31C9B0F8}
		{37F606DD-E776-4F63-8B43-094187D9634F} = {808B1E9D-E546-43F1-A1BA-415C31C9B0F8}
		{C35486A6-46F4-4015-95E4-8640B1AA25B9} = {A48EA14D-D17F-46E4-A1A3-283C2BC2509C}
	EndGlobalSection
	GlobalSection(ExtensibilityGlobals) = postSolution
		SolutionGuid = {402CE6D6-7D33-423C-9052-FFCF8DE282D8}
	EndGlobalSection
EndGlobal
