
Microsoft Visual Studio Solution File, Format Version 12.00
# Visual Studio Version 17
VisualStudioVersion = 17.8.34322.80
MinimumVisualStudioVersion = 10.0.40219.1
Project("{2150E333-8FDC-42A3-9474-1A3956D46DE8}") = "Services", "Services", "{B1BFA149-C00E-451C-BD26-C4858FEB0285}"
EndProject
Project("{2150E333-8FDC-42A3-9474-1A3956D46DE8}") = "RnD", "RnD", "{B12213F2-CC63-4E2B-822D-5502050A401B}"
EndProject
Project("{9A19103F-16F7-4668-BE54-9A1E7A4F7556}") = "TH.RnD.API", "Services\RnD\TH.RnD.API\TH.RnD.API.csproj", "{58BA364A-A30A-4BF4-913D-CC4EE4AE9370}"
EndProject
Project("{9A19103F-16F7-4668-BE54-9A1E7A4F7556}") = "TH.RnD.Web", "Services\RnD\TH.RnD.Web\TH.RnD.Web.csproj", "{D2CC4493-9E38-474C-AB1A-B1913B053F94}"
EndProject
Project("{9A19103F-16F7-4668-BE54-9A1E7A4F7556}") = "TH.RnD.CL", "Services\RnD\TH.RnD.CL\TH.RnD.CL.csproj", "{92FE1D21-4514-4EFA-914A-2DC309983E51}"
EndProject
Project("{2150E333-8FDC-42A3-9474-1A3956D46DE8}") = "Solution Items", "Solution Items", "{14333E1C-5FBC-42D1-95B4-C6CE43AE4141}"
	ProjectSection(SolutionItems) = preProject
		ReadMe.txt = ReadMe.txt
	EndProjectSection
EndProject
Project("{2150E333-8FDC-42A3-9474-1A3956D46DE8}") = "UserSvc", "UserSvc", "{61F5D109-C217-4450-9DFC-1407A1603011}"
EndProject
Project("{FAE04EC0-301F-11D3-BF4B-00C04F79EFBC}") = "TH.UserSvc.API", "Services\UserSvc\TH.UserSvc.API\TH.UserSvc.API.csproj", "{DAD6240E-BC11-4C1C-B994-22E62D579C95}"
EndProject
Project("{FAE04EC0-301F-11D3-BF4B-00C04F79EFBC}") = "TH.UserSvc.Core", "Services\UserSvc\TH.UserSvc.Core\TH.UserSvc.Core.csproj", "{114FB3DE-C465-4CD6-B767-36BE70C145A7}"
EndProject
Project("{FAE04EC0-301F-11D3-BF4B-00C04F79EFBC}") = "TH.UserSvc.App", "Services\UserSvc\TH.UserSvc.App\TH.UserSvc.App.csproj", "{7F801F0F-7768-4B5E-8EA8-B76E6DDC2F0F}"
EndProject
Project("{FAE04EC0-301F-11D3-BF4B-00C04F79EFBC}") = "TH.UserSvc.Infra", "Services\UserSvc\TH.UserSvc.Infra\TH.UserSvc.Infra.csproj", "{B1BCFBCE-7C64-4DE7-B795-051E2DBDBD8E}"
EndProject
Global
	GlobalSection(SolutionConfigurationPlatforms) = preSolution
		Debug|Any CPU = Debug|Any CPU
		Release|Any CPU = Release|Any CPU
	EndGlobalSection
	GlobalSection(ProjectConfigurationPlatforms) = postSolution
		{58BA364A-A30A-4BF4-913D-CC4EE4AE9370}.Debug|Any CPU.ActiveCfg = Debug|Any CPU
		{58BA364A-A30A-4BF4-913D-CC4EE4AE9370}.Debug|Any CPU.Build.0 = Debug|Any CPU
		{58BA364A-A30A-4BF4-913D-CC4EE4AE9370}.Release|Any CPU.ActiveCfg = Release|Any CPU
		{58BA364A-A30A-4BF4-913D-CC4EE4AE9370}.Release|Any CPU.Build.0 = Release|Any CPU
		{D2CC4493-9E38-474C-AB1A-B1913B053F94}.Debug|Any CPU.ActiveCfg = Debug|Any CPU
		{D2CC4493-9E38-474C-AB1A-B1913B053F94}.Debug|Any CPU.Build.0 = Debug|Any CPU
		{D2CC4493-9E38-474C-AB1A-B1913B053F94}.Release|Any CPU.ActiveCfg = Release|Any CPU
		{D2CC4493-9E38-474C-AB1A-B1913B053F94}.Release|Any CPU.Build.0 = Release|Any CPU
		{92FE1D21-4514-4EFA-914A-2DC309983E51}.Debug|Any CPU.ActiveCfg = Debug|Any CPU
		{92FE1D21-4514-4EFA-914A-2DC309983E51}.Debug|Any CPU.Build.0 = Debug|Any CPU
		{92FE1D21-4514-4EFA-914A-2DC309983E51}.Release|Any CPU.ActiveCfg = Release|Any CPU
		{92FE1D21-4514-4EFA-914A-2DC309983E51}.Release|Any CPU.Build.0 = Release|Any CPU
		{DAD6240E-BC11-4C1C-B994-22E62D579C95}.Debug|Any CPU.ActiveCfg = Debug|Any CPU
		{DAD6240E-BC11-4C1C-B994-22E62D579C95}.Debug|Any CPU.Build.0 = Debug|Any CPU
		{DAD6240E-BC11-4C1C-B994-22E62D579C95}.Release|Any CPU.ActiveCfg = Release|Any CPU
		{DAD6240E-BC11-4C1C-B994-22E62D579C95}.Release|Any CPU.Build.0 = Release|Any CPU
		{114FB3DE-C465-4CD6-B767-36BE70C145A7}.Debug|Any CPU.ActiveCfg = Debug|Any CPU
		{114FB3DE-C465-4CD6-B767-36BE70C145A7}.Debug|Any CPU.Build.0 = Debug|Any CPU
		{114FB3DE-C465-4CD6-B767-36BE70C145A7}.Release|Any CPU.ActiveCfg = Release|Any CPU
		{114FB3DE-C465-4CD6-B767-36BE70C145A7}.Release|Any CPU.Build.0 = Release|Any CPU
		{7F801F0F-7768-4B5E-8EA8-B76E6DDC2F0F}.Debug|Any CPU.ActiveCfg = Debug|Any CPU
		{7F801F0F-7768-4B5E-8EA8-B76E6DDC2F0F}.Debug|Any CPU.Build.0 = Debug|Any CPU
		{7F801F0F-7768-4B5E-8EA8-B76E6DDC2F0F}.Release|Any CPU.ActiveCfg = Release|Any CPU
		{7F801F0F-7768-4B5E-8EA8-B76E6DDC2F0F}.Release|Any CPU.Build.0 = Release|Any CPU
		{B1BCFBCE-7C64-4DE7-B795-051E2DBDBD8E}.Debug|Any CPU.ActiveCfg = Debug|Any CPU
		{B1BCFBCE-7C64-4DE7-B795-051E2DBDBD8E}.Debug|Any CPU.Build.0 = Debug|Any CPU
		{B1BCFBCE-7C64-4DE7-B795-051E2DBDBD8E}.Release|Any CPU.ActiveCfg = Release|Any CPU
		{B1BCFBCE-7C64-4DE7-B795-051E2DBDBD8E}.Release|Any CPU.Build.0 = Release|Any CPU
	EndGlobalSection
	GlobalSection(SolutionProperties) = preSolution
		HideSolutionNode = FALSE
	EndGlobalSection
	GlobalSection(NestedProjects) = preSolution
		{B12213F2-CC63-4E2B-822D-5502050A401B} = {B1BFA149-C00E-451C-BD26-C4858FEB0285}
		{58BA364A-A30A-4BF4-913D-CC4EE4AE9370} = {B12213F2-CC63-4E2B-822D-5502050A401B}
		{D2CC4493-9E38-474C-AB1A-B1913B053F94} = {B12213F2-CC63-4E2B-822D-5502050A401B}
		{92FE1D21-4514-4EFA-914A-2DC309983E51} = {B12213F2-CC63-4E2B-822D-5502050A401B}
		{61F5D109-C217-4450-9DFC-1407A1603011} = {B1BFA149-C00E-451C-BD26-C4858FEB0285}
		{DAD6240E-BC11-4C1C-B994-22E62D579C95} = {61F5D109-C217-4450-9DFC-1407A1603011}
		{114FB3DE-C465-4CD6-B767-36BE70C145A7} = {61F5D109-C217-4450-9DFC-1407A1603011}
		{7F801F0F-7768-4B5E-8EA8-B76E6DDC2F0F} = {61F5D109-C217-4450-9DFC-1407A1603011}
		{B1BCFBCE-7C64-4DE7-B795-051E2DBDBD8E} = {61F5D109-C217-4450-9DFC-1407A1603011}
	EndGlobalSection
	GlobalSection(ExtensibilityGlobals) = postSolution
		SolutionGuid = {402CE6D6-7D33-423C-9052-FFCF8DE282D8}
	EndGlobalSection
EndGlobal
