
Microsoft Visual Studio Solution File, Format Version 12.00
# Visual Studio Version 17
VisualStudioVersion = 17.8.34322.80
MinimumVisualStudioVersion = 10.0.40219.1
Project("{2150E333-8FDC-42A3-9474-1A3956D46DE8}") = "MicroServices", "MicroServices", "{B1BFA149-C00E-451C-BD26-C4858FEB0285}"
EndProject
Project("{2150E333-8FDC-42A3-9474-1A3956D46DE8}") = "RnD", "RnD", "{B12213F2-CC63-4E2B-822D-5502050A401B}"
EndProject
Project("{9A19103F-16F7-4668-BE54-9A1E7A4F7556}") = "TH.RnD.API", "MicroServices\RnD\TH.RnD.API\TH.RnD.API.csproj", "{58BA364A-A30A-4BF4-913D-CC4EE4AE9370}"
EndProject
Project("{9A19103F-16F7-4668-BE54-9A1E7A4F7556}") = "TH.RnD.Web", "MicroServices\RnD\TH.RnD.Web\TH.RnD.Web.csproj", "{D2CC4493-9E38-474C-AB1A-B1913B053F94}"
EndProject
Project("{9A19103F-16F7-4668-BE54-9A1E7A4F7556}") = "TH.RnD.CL", "MicroServices\RnD\TH.RnD.CL\TH.RnD.CL.csproj", "{92FE1D21-4514-4EFA-914A-2DC309983E51}"
EndProject
Project("{2150E333-8FDC-42A3-9474-1A3956D46DE8}") = "Solution Items", "Solution Items", "{14333E1C-5FBC-42D1-95B4-C6CE43AE4141}"
	ProjectSection(SolutionItems) = preProject
		ReadMe.txt = ReadMe.txt
	EndProjectSection
EndProject
Project("{2150E333-8FDC-42A3-9474-1A3956D46DE8}") = "UserSvc", "UserSvc", "{61F5D109-C217-4450-9DFC-1407A1603011}"
EndProject
Project("{9A19103F-16F7-4668-BE54-9A1E7A4F7556}") = "TH.UserSvc.API", "MicroServices\UserSvc\TH.UserSvc.API\TH.UserSvc.API.csproj", "{DAD6240E-BC11-4C1C-B994-22E62D579C95}"
EndProject
Project("{9A19103F-16F7-4668-BE54-9A1E7A4F7556}") = "TH.UserSvc.Core", "MicroServices\UserSvc\TH.UserSvc.Core\TH.UserSvc.Core.csproj", "{114FB3DE-C465-4CD6-B767-36BE70C145A7}"
EndProject
Project("{9A19103F-16F7-4668-BE54-9A1E7A4F7556}") = "TH.UserSvc.App", "MicroServices\UserSvc\TH.UserSvc.App\TH.UserSvc.App.csproj", "{7F801F0F-7768-4B5E-8EA8-B76E6DDC2F0F}"
EndProject
Project("{9A19103F-16F7-4668-BE54-9A1E7A4F7556}") = "TH.UserSvc.Infra", "MicroServices\UserSvc\TH.UserSvc.Infra\TH.UserSvc.Infra.csproj", "{B1BCFBCE-7C64-4DE7-B795-051E2DBDBD8E}"
EndProject
Project("{2150E333-8FDC-42A3-9474-1A3956D46DE8}") = "AddressMS", "AddressMS", "{6B651FEF-BC7D-443E-A343-D762BF3BF92C}"
EndProject
Project("{9A19103F-16F7-4668-BE54-9A1E7A4F7556}") = "TH.AddressMS.API", "MicroServices\AddressMS\TH.AddressMS.API\TH.AddressMS.API.csproj", "{004BF324-AE32-46B6-9770-9106893D41A1}"
EndProject
Project("{9A19103F-16F7-4668-BE54-9A1E7A4F7556}") = "TH.AddressMS.Core", "MicroServices\AddressMS\TH.AddressMS.Core\TH.AddressMS.Core.csproj", "{A4826227-333E-4848-A99B-92D482289D12}"
EndProject
Project("{9A19103F-16F7-4668-BE54-9A1E7A4F7556}") = "TH.AddressMS.App", "MicroServices\AddressMS\TH.AddressMS.App\TH.AddressMS.App.csproj", "{18D860C5-E276-4DE7-8F3A-7FE3E155B64B}"
EndProject
Project("{9A19103F-16F7-4668-BE54-9A1E7A4F7556}") = "TH.AddressMS.Infra", "MicroServices\AddressMS\TH.AddressMS.Infra\TH.AddressMS.Infra.csproj", "{9AA7D379-3457-4BDC-BEA9-E6E16C573DFA}"
EndProject
Project("{9A19103F-16F7-4668-BE54-9A1E7A4F7556}") = "TH.AddressMS.Mongo", "MicroServices\AddressMS\TH.AddressMS.Mongo\TH.AddressMS.Mongo.csproj", "{FE6743E3-50D3-4E8C-91D6-522823979AF9}"
EndProject
Project("{2150E333-8FDC-42A3-9474-1A3956D46DE8}") = "PhoneMS", "PhoneMS", "{6C1C121F-39B6-4901-93F7-EF3ED978D0C3}"
EndProject
Project("{9A19103F-16F7-4668-BE54-9A1E7A4F7556}") = "TH.PhoneMS.API", "MicroServices\PhoneMS\TH.PhoneMS.API\TH.PhoneMS.API.csproj", "{906CDB8D-1CB4-498E-8C46-1F0A55E52C84}"
EndProject
Project("{9A19103F-16F7-4668-BE54-9A1E7A4F7556}") = "TH.PhoneMS.Core", "MicroServices\PhoneMS\TH.PhoneMS.Core\TH.PhoneMS.Core.csproj", "{3B555D31-B030-4A42-A859-73AA262A42F7}"
EndProject
Project("{9A19103F-16F7-4668-BE54-9A1E7A4F7556}") = "TH.PhoneMS.App", "MicroServices\PhoneMS\TH.PhoneMS.App\TH.PhoneMS.App.csproj", "{C044A5B5-9450-4F49-9953-0168889AB4FA}"
EndProject
Project("{9A19103F-16F7-4668-BE54-9A1E7A4F7556}") = "TH.PhoneMS.Infra", "MicroServices\PhoneMS\TH.PhoneMS.Infra\TH.PhoneMS.Infra.csproj", "{AE3C46DD-7ED5-4655-A498-E76C16AFCCDA}"
EndProject
Project("{2150E333-8FDC-42A3-9474-1A3956D46DE8}") = "MongoRnDMS", "MongoRnDMS", "{317CBE36-9D0B-400B-9FC3-DCED7CEADEC2}"
EndProject
Project("{9A19103F-16F7-4668-BE54-9A1E7A4F7556}") = "TH.MongoRnDMS.API", "MicroServices\MongoRnDMS\TH.MongoRnDMS.API\TH.MongoRnDMS.API.csproj", "{74CD4250-6487-4934-B11A-ED429F192FFA}"
EndProject
Project("{9A19103F-16F7-4668-BE54-9A1E7A4F7556}") = "TH.MongoRnDMS.Core", "MicroServices\MongoRnDMS\TH.MongoRnDMS.Core\TH.MongoRnDMS.Core.csproj", "{3F93C1ED-B5BF-442C-BFAC-4771DB39FA8A}"
EndProject
Project("{9A19103F-16F7-4668-BE54-9A1E7A4F7556}") = "TH.MongoRnDMS.App", "MicroServices\MongoRnDMS\TH.MongoRnDMS.App\TH.MongoRnDMS.App.csproj", "{C2E33745-061D-4E64-A075-77BF93E20F8B}"
EndProject
Project("{9A19103F-16F7-4668-BE54-9A1E7A4F7556}") = "TH.MongoRnDMS.Infra", "MicroServices\MongoRnDMS\TH.MongoRnDMS.Infra\TH.MongoRnDMS.Infra.csproj", "{1961D428-60B3-4323-A835-190A9023A742}"
EndProject
Project("{2150E333-8FDC-42A3-9474-1A3956D46DE8}") = "CommonServices", "CommonServices", "{A48EA14D-D17F-46E4-A1A3-283C2BC2509C}"
EndProject
Project("{9A19103F-16F7-4668-BE54-9A1E7A4F7556}") = "TH.Common.Lang", "CommonServices\TH.Common.Lang\TH.Common.Lang.csproj", "{3D894227-8E3E-46C2-B0F1-8640700ED7A1}"
EndProject
Project("{9A19103F-16F7-4668-BE54-9A1E7A4F7556}") = "TH.Common.Lang.Test", "CommonServices\TH.Common.Lang.Test\TH.Common.Lang.Test.csproj", "{1AEC265C-BF39-488A-B2AC-63013A9B186C}"
EndProject
Project("{9A19103F-16F7-4668-BE54-9A1E7A4F7556}") = "TH.MongoRnDMS.Common", "MicroServices\MongoRnDMS\TH.MongoRnDMS.Common\TH.MongoRnDMS.Common.csproj", "{E02FB4CB-56DD-4A9D-9E79-0074D90C8D46}"
EndProject
Project("{2150E333-8FDC-42A3-9474-1A3956D46DE8}") = "AuthMS", "AuthMS", "{808B1E9D-E546-43F1-A1BA-415C31C9B0F8}"
EndProject
Project("{9A19103F-16F7-4668-BE54-9A1E7A4F7556}") = "TH.AuthMS.API", "MicroServices\AuthMS\TH.AuthMS.API\TH.AuthMS.API.csproj", "{20C266EF-928B-4A17-81BF-864718532761}"
EndProject
Project("{9A19103F-16F7-4668-BE54-9A1E7A4F7556}") = "TH.AuthMS.Core", "MicroServices\AuthMS\TH.AuthMS.Core\TH.AuthMS.Core.csproj", "{8405ED46-4579-4F31-AAC4-1D39363E446B}"
EndProject
Project("{9A19103F-16F7-4668-BE54-9A1E7A4F7556}") = "TH.AuthMS.App", "MicroServices\AuthMS\TH.AuthMS.App\TH.AuthMS.App.csproj", "{64ADDFEB-EA7B-47BC-BD4E-7D3029FF7E8B}"
EndProject
Project("{9A19103F-16F7-4668-BE54-9A1E7A4F7556}") = "TH.AuthMS.Infra", "MicroServices\AuthMS\TH.AuthMS.Infra\TH.AuthMS.Infra.csproj", "{37F606DD-E776-4F63-8B43-094187D9634F}"
EndProject
Project("{9A19103F-16F7-4668-BE54-9A1E7A4F7556}") = "TH.Common.Util", "CommonServices\TH.Common.Util\TH.Common.Util.csproj", "{C35486A6-46F4-4015-95E4-8640B1AA25B9}"
EndProject
Project("{9A19103F-16F7-4668-BE54-9A1E7A4F7556}") = "TH.Common.Util.Test", "CommonServices\TH.Common.Util.Test\TH.Common.Util.Test.csproj", "{C7677486-B8B8-43CC-B6DE-EA4D5AAB7EAC}"
EndProject
Project("{2150E333-8FDC-42A3-9474-1A3956D46DE8}") = "EmailMS", "EmailMS", "{852651EB-0757-4655-9652-76B410A6CD3E}"
EndProject
Project("{9A19103F-16F7-4668-BE54-9A1E7A4F7556}") = "TH.EmailMS.API", "MicroServices\EmailMS\TH.EmailMS.API\TH.EmailMS.API.csproj", "{BA8C6708-72AA-4FDE-946C-35653F647E11}"
EndProject
Project("{2150E333-8FDC-42A3-9474-1A3956D46DE8}") = "BuildingBlocks", "BuildingBlocks", "{DD067621-ABBA-4F30-A31C-3D7DBC8BB9AE}"
EndProject
Project("{9A19103F-16F7-4668-BE54-9A1E7A4F7556}") = "TH.EventBus.Messages", "BuildingBlocks\TH.EventBus.Messages\TH.EventBus.Messages.csproj", "{D46A7283-3A28-4DE6-9998-74075AF98554}"
EndProject
Project("{9A19103F-16F7-4668-BE54-9A1E7A4F7556}") = "TH.RepoSQL", "BuildingBlocks\TH.RepoSQL\TH.RepoSQL.csproj", "{89CA5380-4991-406A-83CA-5A691AA4F338}"
EndProject
Project("{2150E333-8FDC-42A3-9474-1A3956D46DE8}") = "GardenMS", "GardenMS", "{2ABDD37C-DC69-43C2-BE69-0E115ACEBAD4}"
EndProject
Project("{9A19103F-16F7-4668-BE54-9A1E7A4F7556}") = "TH.GardenMS.API", "MicroServices\GardenMS\TH.GardenMS.API\TH.GardenMS.API.csproj", "{E857C9B4-D116-4683-9F88-BEF211489EFD}"
EndProject
Project("{9A19103F-16F7-4668-BE54-9A1E7A4F7556}") = "TH.GardenMS.Core", "MicroServices\GardenMS\TH.GardenMS.Core\TH.GardenMS.Core.csproj", "{4C227643-FC2C-430B-99DA-2D48E2713D18}"
EndProject
Project("{9A19103F-16F7-4668-BE54-9A1E7A4F7556}") = "TH.GardenMS.App", "MicroServices\GardenMS\TH.GardenMS.App\TH.GardenMS.App.csproj", "{A91CC329-668E-41D4-A1E8-4E0090B5F1A0}"
EndProject
Project("{9A19103F-16F7-4668-BE54-9A1E7A4F7556}") = "TH.GardenMS.Infra", "MicroServices\GardenMS\TH.GardenMS.Infra\TH.GardenMS.Infra.csproj", "{C656AC0D-33FD-4F25-9D70-BEEC624E125F}"
EndProject
Project("{9A19103F-16F7-4668-BE54-9A1E7A4F7556}") = "TH.AuthMS.Ui", "MicroServices\AuthMS\TH.AuthMS.Ui\TH.AuthMS.Ui.csproj", "{A5A07F5D-FF42-474C-BC2B-D1D428D58AD8}"
EndProject
Project("{2150E333-8FDC-42A3-9474-1A3956D46DE8}") = "Gateway", "Gateway", "{A23D3945-9E5A-4CB3-9086-D087F60ED910}"
EndProject
Project("{9A19103F-16F7-4668-BE54-9A1E7A4F7556}") = "TH.SpaceGateway.API", "Gateway\TH.SpaceGateway.API\TH.SpaceGateway.API.csproj", "{3041F500-74CD-4914-8095-754283019C05}"
EndProject
Project("{9A19103F-16F7-4668-BE54-9A1E7A4F7556}") = "TH.Tommy", "BuildingBlocks\TH.Tommy\TH.Tommy.csproj", "{ED35C552-2980-4BB8-9ABA-127F428846FA}"
EndProject
Project("{2150E333-8FDC-42A3-9474-1A3956D46DE8}") = "CompanyMS", "CompanyMS", "{070863C5-8269-4AE9-AE75-A8E19D8C2920}"
EndProject
Project("{9A19103F-16F7-4668-BE54-9A1E7A4F7556}") = "TH.CompanyMS.API", "MicroServices\CompanyMS\TH.Company.API\TH.CompanyMS.API.csproj", "{6B908A1B-AD2F-422D-9A59-D3DAAD93174F}"
EndProject
Project("{9A19103F-16F7-4668-BE54-9A1E7A4F7556}") = "TH.CompanyMS.Core", "MicroServices\CompanyMS\TH.Company.Core\TH.CompanyMS.Core.csproj", "{DB854C42-B9E2-42E8-B573-A01028733432}"
EndProject
Project("{9A19103F-16F7-4668-BE54-9A1E7A4F7556}") = "TH.CompanyMS.App", "MicroServices\CompanyMS\TH.Company.App\TH.CompanyMS.App.csproj", "{1D058CC0-91A4-4FFA-815D-BF7EEB07429E}"
EndProject
Project("{9A19103F-16F7-4668-BE54-9A1E7A4F7556}") = "TH.CompanyMS.Infra", "MicroServices\CompanyMS\TH.Company.Infra\TH.CompanyMS.Infra.csproj", "{BCEC5B76-3C07-4223-8C37-15EB7CCECF78}"
EndProject
Project("{9A19103F-16F7-4668-BE54-9A1E7A4F7556}") = "TH.Common.Model", "CommonServices\TH.Common.Model\TH.Common.Model.csproj", "{27F1AC4E-5D3D-49BE-9B15-8988B2504501}"
EndProject
Project("{9A19103F-16F7-4668-BE54-9A1E7A4F7556}") = "TH.Repo", "BuildingBlocks\TH.Repo\TH.Repo.csproj", "{862F588C-4CFD-4BBE-86C2-A7F3721FFABC}"
EndProject
Project("{2150E333-8FDC-42A3-9474-1A3956D46DE8}") = "ShadowMS", "ShadowMS", "{67129BEB-D762-4F43-9925-E650BC326077}"
EndProject
Project("{9A19103F-16F7-4668-BE54-9A1E7A4F7556}") = "TH.ShadowMS.API", "MicroServices\ShadowMS\TH.ShadowMS.API\TH.ShadowMS.API.csproj", "{12D1CC64-92FA-4194-A8CE-FA891EC1AD31}"
EndProject
Project("{9A19103F-16F7-4668-BE54-9A1E7A4F7556}") = "TH.ShadowMS.Core", "MicroServices\ShadowMS\TH.ShadowMS.Core\TH.ShadowMS.Core.csproj", "{97F34624-0D75-43A6-80B0-012B4D69FB91}"
EndProject
Project("{9A19103F-16F7-4668-BE54-9A1E7A4F7556}") = "TH.ShadowMS.App", "MicroServices\ShadowMS\TH.ShadowMS.App\TH.ShadowMS.App.csproj", "{00296B48-2C73-4F7F-BAEC-8C0B90E41FEA}"
EndProject
Project("{9A19103F-16F7-4668-BE54-9A1E7A4F7556}") = "TH.ShadowMS.Infra", "MicroServices\ShadowMS\TH.ShadowMS.Infra\TH.ShadowMS.Infra.csproj", "{506C68EF-5BC3-4A9C-9B4A-E7055624666F}"
EndProject
Project("{2150E333-8FDC-42A3-9474-1A3956D46DE8}") = "UnitTests", "UnitTests", "{7CCB96C3-C33F-4869-928A-2E25DD614D07}"
EndProject
Project("{9A19103F-16F7-4668-BE54-9A1E7A4F7556}") = "TH.Grpc", "BuildingBlocks\TH.Grpc\TH.Grpc.csproj", "{3A5E22C9-EC32-4C4B-BEEF-CDA5301ABA66}"
EndProject
Project("{9A19103F-16F7-4668-BE54-9A1E7A4F7556}") = "TH.CompanyMS.Test", "UnitTests\TH.Space.Test\TH.CompanyMS.Test.csproj", "{D7B833F6-C115-4EC2-8A70-CEFB6A63D42F}"
EndProject
Project("{9A19103F-16F7-4668-BE54-9A1E7A4F7556}") = "TH.TORMS.CL", "MicroServices\RnD\TH.TORMS.CL\TH.TORMS.CL.csproj", "{5B854781-E389-4E2A-9329-F87C1DDA0FDB}"
EndProject
Global
	GlobalSection(SolutionConfigurationPlatforms) = preSolution
		Debug|Any CPU = Debug|Any CPU
		Release|Any CPU = Release|Any CPU
	EndGlobalSection
	GlobalSection(ProjectConfigurationPlatforms) = postSolution
		{58BA364A-A30A-4BF4-913D-CC4EE4AE9370}.Debug|Any CPU.ActiveCfg = Debug|Any CPU
		{58BA364A-A30A-4BF4-913D-CC4EE4AE9370}.Debug|Any CPU.Build.0 = Debug|Any CPU
		{58BA364A-A30A-4BF4-913D-CC4EE4AE9370}.Release|Any CPU.ActiveCfg = Release|Any CPU
		{58BA364A-A30A-4BF4-913D-CC4EE4AE9370}.Release|Any CPU.Build.0 = Release|Any CPU
		{D2CC4493-9E38-474C-AB1A-B1913B053F94}.Debug|Any CPU.ActiveCfg = Debug|Any CPU
		{D2CC4493-9E38-474C-AB1A-B1913B053F94}.Debug|Any CPU.Build.0 = Debug|Any CPU
		{D2CC4493-9E38-474C-AB1A-B1913B053F94}.Release|Any CPU.ActiveCfg = Release|Any CPU
		{D2CC4493-9E38-474C-AB1A-B1913B053F94}.Release|Any CPU.Build.0 = Release|Any CPU
		{92FE1D21-4514-4EFA-914A-2DC309983E51}.Debug|Any CPU.ActiveCfg = Debug|Any CPU
		{92FE1D21-4514-4EFA-914A-2DC309983E51}.Debug|Any CPU.Build.0 = Debug|Any CPU
		{92FE1D21-4514-4EFA-914A-2DC309983E51}.Release|Any CPU.ActiveCfg = Release|Any CPU
		{92FE1D21-4514-4EFA-914A-2DC309983E51}.Release|Any CPU.Build.0 = Release|Any CPU
		{DAD6240E-BC11-4C1C-B994-22E62D579C95}.Debug|Any CPU.ActiveCfg = Debug|Any CPU
		{DAD6240E-BC11-4C1C-B994-22E62D579C95}.Debug|Any CPU.Build.0 = Debug|Any CPU
		{DAD6240E-BC11-4C1C-B994-22E62D579C95}.Release|Any CPU.ActiveCfg = Release|Any CPU
		{DAD6240E-BC11-4C1C-B994-22E62D579C95}.Release|Any CPU.Build.0 = Release|Any CPU
		{114FB3DE-C465-4CD6-B767-36BE70C145A7}.Debug|Any CPU.ActiveCfg = Debug|Any CPU
		{114FB3DE-C465-4CD6-B767-36BE70C145A7}.Debug|Any CPU.Build.0 = Debug|Any CPU
		{114FB3DE-C465-4CD6-B767-36BE70C145A7}.Release|Any CPU.ActiveCfg = Release|Any CPU
		{114FB3DE-C465-4CD6-B767-36BE70C145A7}.Release|Any CPU.Build.0 = Release|Any CPU
		{7F801F0F-7768-4B5E-8EA8-B76E6DDC2F0F}.Debug|Any CPU.ActiveCfg = Debug|Any CPU
		{7F801F0F-7768-4B5E-8EA8-B76E6DDC2F0F}.Debug|Any CPU.Build.0 = Debug|Any CPU
		{7F801F0F-7768-4B5E-8EA8-B76E6DDC2F0F}.Release|Any CPU.ActiveCfg = Release|Any CPU
		{7F801F0F-7768-4B5E-8EA8-B76E6DDC2F0F}.Release|Any CPU.Build.0 = Release|Any CPU
		{B1BCFBCE-7C64-4DE7-B795-051E2DBDBD8E}.Debug|Any CPU.ActiveCfg = Debug|Any CPU
		{B1BCFBCE-7C64-4DE7-B795-051E2DBDBD8E}.Debug|Any CPU.Build.0 = Debug|Any CPU
		{B1BCFBCE-7C64-4DE7-B795-051E2DBDBD8E}.Release|Any CPU.ActiveCfg = Release|Any CPU
		{B1BCFBCE-7C64-4DE7-B795-051E2DBDBD8E}.Release|Any CPU.Build.0 = Release|Any CPU
		{004BF324-AE32-46B6-9770-9106893D41A1}.Debug|Any CPU.ActiveCfg = Debug|Any CPU
		{004BF324-AE32-46B6-9770-9106893D41A1}.Debug|Any CPU.Build.0 = Debug|Any CPU
		{004BF324-AE32-46B6-9770-9106893D41A1}.Release|Any CPU.ActiveCfg = Release|Any CPU
		{004BF324-AE32-46B6-9770-9106893D41A1}.Release|Any CPU.Build.0 = Release|Any CPU
		{A4826227-333E-4848-A99B-92D482289D12}.Debug|Any CPU.ActiveCfg = Debug|Any CPU
		{A4826227-333E-4848-A99B-92D482289D12}.Debug|Any CPU.Build.0 = Debug|Any CPU
		{A4826227-333E-4848-A99B-92D482289D12}.Release|Any CPU.ActiveCfg = Release|Any CPU
		{A4826227-333E-4848-A99B-92D482289D12}.Release|Any CPU.Build.0 = Release|Any CPU
		{18D860C5-E276-4DE7-8F3A-7FE3E155B64B}.Debug|Any CPU.ActiveCfg = Debug|Any CPU
		{18D860C5-E276-4DE7-8F3A-7FE3E155B64B}.Debug|Any CPU.Build.0 = Debug|Any CPU
		{18D860C5-E276-4DE7-8F3A-7FE3E155B64B}.Release|Any CPU.ActiveCfg = Release|Any CPU
		{18D860C5-E276-4DE7-8F3A-7FE3E155B64B}.Release|Any CPU.Build.0 = Release|Any CPU
		{9AA7D379-3457-4BDC-BEA9-E6E16C573DFA}.Debug|Any CPU.ActiveCfg = Debug|Any CPU
		{9AA7D379-3457-4BDC-BEA9-E6E16C573DFA}.Debug|Any CPU.Build.0 = Debug|Any CPU
		{9AA7D379-3457-4BDC-BEA9-E6E16C573DFA}.Release|Any CPU.ActiveCfg = Release|Any CPU
		{9AA7D379-3457-4BDC-BEA9-E6E16C573DFA}.Release|Any CPU.Build.0 = Release|Any CPU
		{FE6743E3-50D3-4E8C-91D6-522823979AF9}.Debug|Any CPU.ActiveCfg = Debug|Any CPU
		{FE6743E3-50D3-4E8C-91D6-522823979AF9}.Debug|Any CPU.Build.0 = Debug|Any CPU
		{FE6743E3-50D3-4E8C-91D6-522823979AF9}.Release|Any CPU.ActiveCfg = Release|Any CPU
		{FE6743E3-50D3-4E8C-91D6-522823979AF9}.Release|Any CPU.Build.0 = Release|Any CPU
		{906CDB8D-1CB4-498E-8C46-1F0A55E52C84}.Debug|Any CPU.ActiveCfg = Debug|Any CPU
		{906CDB8D-1CB4-498E-8C46-1F0A55E52C84}.Debug|Any CPU.Build.0 = Debug|Any CPU
		{906CDB8D-1CB4-498E-8C46-1F0A55E52C84}.Release|Any CPU.ActiveCfg = Release|Any CPU
		{906CDB8D-1CB4-498E-8C46-1F0A55E52C84}.Release|Any CPU.Build.0 = Release|Any CPU
		{3B555D31-B030-4A42-A859-73AA262A42F7}.Debug|Any CPU.ActiveCfg = Debug|Any CPU
		{3B555D31-B030-4A42-A859-73AA262A42F7}.Debug|Any CPU.Build.0 = Debug|Any CPU
		{3B555D31-B030-4A42-A859-73AA262A42F7}.Release|Any CPU.ActiveCfg = Release|Any CPU
		{3B555D31-B030-4A42-A859-73AA262A42F7}.Release|Any CPU.Build.0 = Release|Any CPU
		{C044A5B5-9450-4F49-9953-0168889AB4FA}.Debug|Any CPU.ActiveCfg = Debug|Any CPU
		{C044A5B5-9450-4F49-9953-0168889AB4FA}.Debug|Any CPU.Build.0 = Debug|Any CPU
		{C044A5B5-9450-4F49-9953-0168889AB4FA}.Release|Any CPU.ActiveCfg = Release|Any CPU
		{C044A5B5-9450-4F49-9953-0168889AB4FA}.Release|Any CPU.Build.0 = Release|Any CPU
		{AE3C46DD-7ED5-4655-A498-E76C16AFCCDA}.Debug|Any CPU.ActiveCfg = Debug|Any CPU
		{AE3C46DD-7ED5-4655-A498-E76C16AFCCDA}.Debug|Any CPU.Build.0 = Debug|Any CPU
		{AE3C46DD-7ED5-4655-A498-E76C16AFCCDA}.Release|Any CPU.ActiveCfg = Release|Any CPU
		{AE3C46DD-7ED5-4655-A498-E76C16AFCCDA}.Release|Any CPU.Build.0 = Release|Any CPU
		{74CD4250-6487-4934-B11A-ED429F192FFA}.Debug|Any CPU.ActiveCfg = Debug|Any CPU
		{74CD4250-6487-4934-B11A-ED429F192FFA}.Debug|Any CPU.Build.0 = Debug|Any CPU
		{74CD4250-6487-4934-B11A-ED429F192FFA}.Release|Any CPU.ActiveCfg = Release|Any CPU
		{74CD4250-6487-4934-B11A-ED429F192FFA}.Release|Any CPU.Build.0 = Release|Any CPU
		{3F93C1ED-B5BF-442C-BFAC-4771DB39FA8A}.Debug|Any CPU.ActiveCfg = Debug|Any CPU
		{3F93C1ED-B5BF-442C-BFAC-4771DB39FA8A}.Debug|Any CPU.Build.0 = Debug|Any CPU
		{3F93C1ED-B5BF-442C-BFAC-4771DB39FA8A}.Release|Any CPU.ActiveCfg = Release|Any CPU
		{3F93C1ED-B5BF-442C-BFAC-4771DB39FA8A}.Release|Any CPU.Build.0 = Release|Any CPU
		{C2E33745-061D-4E64-A075-77BF93E20F8B}.Debug|Any CPU.ActiveCfg = Debug|Any CPU
		{C2E33745-061D-4E64-A075-77BF93E20F8B}.Debug|Any CPU.Build.0 = Debug|Any CPU
		{C2E33745-061D-4E64-A075-77BF93E20F8B}.Release|Any CPU.ActiveCfg = Release|Any CPU
		{C2E33745-061D-4E64-A075-77BF93E20F8B}.Release|Any CPU.Build.0 = Release|Any CPU
		{1961D428-60B3-4323-A835-190A9023A742}.Debug|Any CPU.ActiveCfg = Debug|Any CPU
		{1961D428-60B3-4323-A835-190A9023A742}.Debug|Any CPU.Build.0 = Debug|Any CPU
		{1961D428-60B3-4323-A835-190A9023A742}.Release|Any CPU.ActiveCfg = Release|Any CPU
		{1961D428-60B3-4323-A835-190A9023A742}.Release|Any CPU.Build.0 = Release|Any CPU
		{3D894227-8E3E-46C2-B0F1-8640700ED7A1}.Debug|Any CPU.ActiveCfg = Debug|Any CPU
		{3D894227-8E3E-46C2-B0F1-8640700ED7A1}.Debug|Any CPU.Build.0 = Debug|Any CPU
		{3D894227-8E3E-46C2-B0F1-8640700ED7A1}.Release|Any CPU.ActiveCfg = Release|Any CPU
		{3D894227-8E3E-46C2-B0F1-8640700ED7A1}.Release|Any CPU.Build.0 = Release|Any CPU
		{1AEC265C-BF39-488A-B2AC-63013A9B186C}.Debug|Any CPU.ActiveCfg = Debug|Any CPU
		{1AEC265C-BF39-488A-B2AC-63013A9B186C}.Debug|Any CPU.Build.0 = Debug|Any CPU
		{1AEC265C-BF39-488A-B2AC-63013A9B186C}.Release|Any CPU.ActiveCfg = Release|Any CPU
		{1AEC265C-BF39-488A-B2AC-63013A9B186C}.Release|Any CPU.Build.0 = Release|Any CPU
		{E02FB4CB-56DD-4A9D-9E79-0074D90C8D46}.Debug|Any CPU.ActiveCfg = Debug|Any CPU
		{E02FB4CB-56DD-4A9D-9E79-0074D90C8D46}.Debug|Any CPU.Build.0 = Debug|Any CPU
		{E02FB4CB-56DD-4A9D-9E79-0074D90C8D46}.Release|Any CPU.ActiveCfg = Release|Any CPU
		{E02FB4CB-56DD-4A9D-9E79-0074D90C8D46}.Release|Any CPU.Build.0 = Release|Any CPU
		{20C266EF-928B-4A17-81BF-864718532761}.Debug|Any CPU.ActiveCfg = Debug|Any CPU
		{20C266EF-928B-4A17-81BF-864718532761}.Debug|Any CPU.Build.0 = Debug|Any CPU
		{20C266EF-928B-4A17-81BF-864718532761}.Release|Any CPU.ActiveCfg = Release|Any CPU
		{20C266EF-928B-4A17-81BF-864718532761}.Release|Any CPU.Build.0 = Release|Any CPU
		{8405ED46-4579-4F31-AAC4-1D39363E446B}.Debug|Any CPU.ActiveCfg = Debug|Any CPU
		{8405ED46-4579-4F31-AAC4-1D39363E446B}.Debug|Any CPU.Build.0 = Debug|Any CPU
		{8405ED46-4579-4F31-AAC4-1D39363E446B}.Release|Any CPU.ActiveCfg = Release|Any CPU
		{8405ED46-4579-4F31-AAC4-1D39363E446B}.Release|Any CPU.Build.0 = Release|Any CPU
		{64ADDFEB-EA7B-47BC-BD4E-7D3029FF7E8B}.Debug|Any CPU.ActiveCfg = Debug|Any CPU
		{64ADDFEB-EA7B-47BC-BD4E-7D3029FF7E8B}.Debug|Any CPU.Build.0 = Debug|Any CPU
		{64ADDFEB-EA7B-47BC-BD4E-7D3029FF7E8B}.Release|Any CPU.ActiveCfg = Release|Any CPU
		{64ADDFEB-EA7B-47BC-BD4E-7D3029FF7E8B}.Release|Any CPU.Build.0 = Release|Any CPU
		{37F606DD-E776-4F63-8B43-094187D9634F}.Debug|Any CPU.ActiveCfg = Debug|Any CPU
		{37F606DD-E776-4F63-8B43-094187D9634F}.Debug|Any CPU.Build.0 = Debug|Any CPU
		{37F606DD-E776-4F63-8B43-094187D9634F}.Release|Any CPU.ActiveCfg = Release|Any CPU
		{37F606DD-E776-4F63-8B43-094187D9634F}.Release|Any CPU.Build.0 = Release|Any CPU
		{C35486A6-46F4-4015-95E4-8640B1AA25B9}.Debug|Any CPU.ActiveCfg = Debug|Any CPU
		{C35486A6-46F4-4015-95E4-8640B1AA25B9}.Debug|Any CPU.Build.0 = Debug|Any CPU
		{C35486A6-46F4-4015-95E4-8640B1AA25B9}.Release|Any CPU.ActiveCfg = Release|Any CPU
		{C35486A6-46F4-4015-95E4-8640B1AA25B9}.Release|Any CPU.Build.0 = Release|Any CPU
		{C7677486-B8B8-43CC-B6DE-EA4D5AAB7EAC}.Debug|Any CPU.ActiveCfg = Debug|Any CPU
		{C7677486-B8B8-43CC-B6DE-EA4D5AAB7EAC}.Debug|Any CPU.Build.0 = Debug|Any CPU
		{C7677486-B8B8-43CC-B6DE-EA4D5AAB7EAC}.Release|Any CPU.ActiveCfg = Release|Any CPU
		{C7677486-B8B8-43CC-B6DE-EA4D5AAB7EAC}.Release|Any CPU.Build.0 = Release|Any CPU
		{BA8C6708-72AA-4FDE-946C-35653F647E11}.Debug|Any CPU.ActiveCfg = Debug|Any CPU
		{BA8C6708-72AA-4FDE-946C-35653F647E11}.Debug|Any CPU.Build.0 = Debug|Any CPU
		{BA8C6708-72AA-4FDE-946C-35653F647E11}.Release|Any CPU.ActiveCfg = Release|Any CPU
		{BA8C6708-72AA-4FDE-946C-35653F647E11}.Release|Any CPU.Build.0 = Release|Any CPU
		{D46A7283-3A28-4DE6-9998-74075AF98554}.Debug|Any CPU.ActiveCfg = Debug|Any CPU
		{D46A7283-3A28-4DE6-9998-74075AF98554}.Debug|Any CPU.Build.0 = Debug|Any CPU
		{D46A7283-3A28-4DE6-9998-74075AF98554}.Release|Any CPU.ActiveCfg = Release|Any CPU
		{D46A7283-3A28-4DE6-9998-74075AF98554}.Release|Any CPU.Build.0 = Release|Any CPU
		{89CA5380-4991-406A-83CA-5A691AA4F338}.Debug|Any CPU.ActiveCfg = Debug|Any CPU
		{89CA5380-4991-406A-83CA-5A691AA4F338}.Debug|Any CPU.Build.0 = Debug|Any CPU
		{89CA5380-4991-406A-83CA-5A691AA4F338}.Release|Any CPU.ActiveCfg = Release|Any CPU
		{89CA5380-4991-406A-83CA-5A691AA4F338}.Release|Any CPU.Build.0 = Release|Any CPU
		{E857C9B4-D116-4683-9F88-BEF211489EFD}.Debug|Any CPU.ActiveCfg = Debug|Any CPU
		{E857C9B4-D116-4683-9F88-BEF211489EFD}.Debug|Any CPU.Build.0 = Debug|Any CPU
		{E857C9B4-D116-4683-9F88-BEF211489EFD}.Release|Any CPU.ActiveCfg = Release|Any CPU
		{E857C9B4-D116-4683-9F88-BEF211489EFD}.Release|Any CPU.Build.0 = Release|Any CPU
		{4C227643-FC2C-430B-99DA-2D48E2713D18}.Debug|Any CPU.ActiveCfg = Debug|Any CPU
		{4C227643-FC2C-430B-99DA-2D48E2713D18}.Debug|Any CPU.Build.0 = Debug|Any CPU
		{4C227643-FC2C-430B-99DA-2D48E2713D18}.Release|Any CPU.ActiveCfg = Release|Any CPU
		{4C227643-FC2C-430B-99DA-2D48E2713D18}.Release|Any CPU.Build.0 = Release|Any CPU
		{A91CC329-668E-41D4-A1E8-4E0090B5F1A0}.Debug|Any CPU.ActiveCfg = Debug|Any CPU
		{A91CC329-668E-41D4-A1E8-4E0090B5F1A0}.Debug|Any CPU.Build.0 = Debug|Any CPU
		{A91CC329-668E-41D4-A1E8-4E0090B5F1A0}.Release|Any CPU.ActiveCfg = Release|Any CPU
		{A91CC329-668E-41D4-A1E8-4E0090B5F1A0}.Release|Any CPU.Build.0 = Release|Any CPU
		{C656AC0D-33FD-4F25-9D70-BEEC624E125F}.Debug|Any CPU.ActiveCfg = Debug|Any CPU
		{C656AC0D-33FD-4F25-9D70-BEEC624E125F}.Debug|Any CPU.Build.0 = Debug|Any CPU
		{C656AC0D-33FD-4F25-9D70-BEEC624E125F}.Release|Any CPU.ActiveCfg = Release|Any CPU
		{C656AC0D-33FD-4F25-9D70-BEEC624E125F}.Release|Any CPU.Build.0 = Release|Any CPU
		{A5A07F5D-FF42-474C-BC2B-D1D428D58AD8}.Debug|Any CPU.ActiveCfg = Debug|Any CPU
		{A5A07F5D-FF42-474C-BC2B-D1D428D58AD8}.Debug|Any CPU.Build.0 = Debug|Any CPU
		{A5A07F5D-FF42-474C-BC2B-D1D428D58AD8}.Release|Any CPU.ActiveCfg = Release|Any CPU
		{A5A07F5D-FF42-474C-BC2B-D1D428D58AD8}.Release|Any CPU.Build.0 = Release|Any CPU
		{3041F500-74CD-4914-8095-754283019C05}.Debug|Any CPU.ActiveCfg = Debug|Any CPU
		{3041F500-74CD-4914-8095-754283019C05}.Debug|Any CPU.Build.0 = Debug|Any CPU
		{3041F500-74CD-4914-8095-754283019C05}.Release|Any CPU.ActiveCfg = Release|Any CPU
		{3041F500-74CD-4914-8095-754283019C05}.Release|Any CPU.Build.0 = Release|Any CPU
		{ED35C552-2980-4BB8-9ABA-127F428846FA}.Debug|Any CPU.ActiveCfg = Debug|Any CPU
		{ED35C552-2980-4BB8-9ABA-127F428846FA}.Debug|Any CPU.Build.0 = Debug|Any CPU
		{ED35C552-2980-4BB8-9ABA-127F428846FA}.Release|Any CPU.ActiveCfg = Release|Any CPU
		{ED35C552-2980-4BB8-9ABA-127F428846FA}.Release|Any CPU.Build.0 = Release|Any CPU
		{6B908A1B-AD2F-422D-9A59-D3DAAD93174F}.Debug|Any CPU.ActiveCfg = Debug|Any CPU
		{6B908A1B-AD2F-422D-9A59-D3DAAD93174F}.Debug|Any CPU.Build.0 = Debug|Any CPU
		{6B908A1B-AD2F-422D-9A59-D3DAAD93174F}.Release|Any CPU.ActiveCfg = Release|Any CPU
		{6B908A1B-AD2F-422D-9A59-D3DAAD93174F}.Release|Any CPU.Build.0 = Release|Any CPU
		{DB854C42-B9E2-42E8-B573-A01028733432}.Debug|Any CPU.ActiveCfg = Debug|Any CPU
		{DB854C42-B9E2-42E8-B573-A01028733432}.Debug|Any CPU.Build.0 = Debug|Any CPU
		{DB854C42-B9E2-42E8-B573-A01028733432}.Release|Any CPU.ActiveCfg = Release|Any CPU
		{DB854C42-B9E2-42E8-B573-A01028733432}.Release|Any CPU.Build.0 = Release|Any CPU
		{1D058CC0-91A4-4FFA-815D-BF7EEB07429E}.Debug|Any CPU.ActiveCfg = Debug|Any CPU
		{1D058CC0-91A4-4FFA-815D-BF7EEB07429E}.Debug|Any CPU.Build.0 = Debug|Any CPU
		{1D058CC0-91A4-4FFA-815D-BF7EEB07429E}.Release|Any CPU.ActiveCfg = Release|Any CPU
		{1D058CC0-91A4-4FFA-815D-BF7EEB07429E}.Release|Any CPU.Build.0 = Release|Any CPU
		{BCEC5B76-3C07-4223-8C37-15EB7CCECF78}.Debug|Any CPU.ActiveCfg = Debug|Any CPU
		{BCEC5B76-3C07-4223-8C37-15EB7CCECF78}.Debug|Any CPU.Build.0 = Debug|Any CPU
		{BCEC5B76-3C07-4223-8C37-15EB7CCECF78}.Release|Any CPU.ActiveCfg = Release|Any CPU
		{BCEC5B76-3C07-4223-8C37-15EB7CCECF78}.Release|Any CPU.Build.0 = Release|Any CPU
		{27F1AC4E-5D3D-49BE-9B15-8988B2504501}.Debug|Any CPU.ActiveCfg = Debug|Any CPU
		{27F1AC4E-5D3D-49BE-9B15-8988B2504501}.Debug|Any CPU.Build.0 = Debug|Any CPU
		{27F1AC4E-5D3D-49BE-9B15-8988B2504501}.Release|Any CPU.ActiveCfg = Release|Any CPU
		{27F1AC4E-5D3D-49BE-9B15-8988B2504501}.Release|Any CPU.Build.0 = Release|Any CPU
		{862F588C-4CFD-4BBE-86C2-A7F3721FFABC}.Debug|Any CPU.ActiveCfg = Debug|Any CPU
		{862F588C-4CFD-4BBE-86C2-A7F3721FFABC}.Debug|Any CPU.Build.0 = Debug|Any CPU
		{862F588C-4CFD-4BBE-86C2-A7F3721FFABC}.Release|Any CPU.ActiveCfg = Release|Any CPU
		{862F588C-4CFD-4BBE-86C2-A7F3721FFABC}.Release|Any CPU.Build.0 = Release|Any CPU
		{12D1CC64-92FA-4194-A8CE-FA891EC1AD31}.Debug|Any CPU.ActiveCfg = Debug|Any CPU
		{12D1CC64-92FA-4194-A8CE-FA891EC1AD31}.Debug|Any CPU.Build.0 = Debug|Any CPU
		{12D1CC64-92FA-4194-A8CE-FA891EC1AD31}.Release|Any CPU.ActiveCfg = Release|Any CPU
		{12D1CC64-92FA-4194-A8CE-FA891EC1AD31}.Release|Any CPU.Build.0 = Release|Any CPU
		{97F34624-0D75-43A6-80B0-012B4D69FB91}.Debug|Any CPU.ActiveCfg = Debug|Any CPU
		{97F34624-0D75-43A6-80B0-012B4D69FB91}.Debug|Any CPU.Build.0 = Debug|Any CPU
		{97F34624-0D75-43A6-80B0-012B4D69FB91}.Release|Any CPU.ActiveCfg = Release|Any CPU
		{97F34624-0D75-43A6-80B0-012B4D69FB91}.Release|Any CPU.Build.0 = Release|Any CPU
		{00296B48-2C73-4F7F-BAEC-8C0B90E41FEA}.Debug|Any CPU.ActiveCfg = Debug|Any CPU
		{00296B48-2C73-4F7F-BAEC-8C0B90E41FEA}.Debug|Any CPU.Build.0 = Debug|Any CPU
		{00296B48-2C73-4F7F-BAEC-8C0B90E41FEA}.Release|Any CPU.ActiveCfg = Release|Any CPU
		{00296B48-2C73-4F7F-BAEC-8C0B90E41FEA}.Release|Any CPU.Build.0 = Release|Any CPU
		{506C68EF-5BC3-4A9C-9B4A-E7055624666F}.Debug|Any CPU.ActiveCfg = Debug|Any CPU
		{506C68EF-5BC3-4A9C-9B4A-E7055624666F}.Debug|Any CPU.Build.0 = Debug|Any CPU
		{506C68EF-5BC3-4A9C-9B4A-E7055624666F}.Release|Any CPU.ActiveCfg = Release|Any CPU
		{506C68EF-5BC3-4A9C-9B4A-E7055624666F}.Release|Any CPU.Build.0 = Release|Any CPU
		{3A5E22C9-EC32-4C4B-BEEF-CDA5301ABA66}.Debug|Any CPU.ActiveCfg = Debug|Any CPU
		{3A5E22C9-EC32-4C4B-BEEF-CDA5301ABA66}.Debug|Any CPU.Build.0 = Debug|Any CPU
		{3A5E22C9-EC32-4C4B-BEEF-CDA5301ABA66}.Release|Any CPU.ActiveCfg = Release|Any CPU
		{3A5E22C9-EC32-4C4B-BEEF-CDA5301ABA66}.Release|Any CPU.Build.0 = Release|Any CPU
		{D7B833F6-C115-4EC2-8A70-CEFB6A63D42F}.Debug|Any CPU.ActiveCfg = Debug|Any CPU
		{D7B833F6-C115-4EC2-8A70-CEFB6A63D42F}.Debug|Any CPU.Build.0 = Debug|Any CPU
		{D7B833F6-C115-4EC2-8A70-CEFB6A63D42F}.Release|Any CPU.ActiveCfg = Release|Any CPU
		{D7B833F6-C115-4EC2-8A70-CEFB6A63D42F}.Release|Any CPU.Build.0 = Release|Any CPU
		{5B854781-E389-4E2A-9329-F87C1DDA0FDB}.Debug|Any CPU.ActiveCfg = Debug|Any CPU
		{5B854781-E389-4E2A-9329-F87C1DDA0FDB}.Debug|Any CPU.Build.0 = Debug|Any CPU
		{5B854781-E389-4E2A-9329-F87C1DDA0FDB}.Release|Any CPU.ActiveCfg = Release|Any CPU
		{5B854781-E389-4E2A-9329-F87C1DDA0FDB}.Release|Any CPU.Build.0 = Release|Any CPU
	EndGlobalSection
	GlobalSection(SolutionProperties) = preSolution
		HideSolutionNode = FALSE
	EndGlobalSection
	GlobalSection(NestedProjects) = preSolution
		{B12213F2-CC63-4E2B-822D-5502050A401B} = {B1BFA149-C00E-451C-BD26-C4858FEB0285}
		{58BA364A-A30A-4BF4-913D-CC4EE4AE9370} = {B12213F2-CC63-4E2B-822D-5502050A401B}
		{D2CC4493-9E38-474C-AB1A-B1913B053F94} = {B12213F2-CC63-4E2B-822D-5502050A401B}
		{92FE1D21-4514-4EFA-914A-2DC309983E51} = {B12213F2-CC63-4E2B-822D-5502050A401B}
		{61F5D109-C217-4450-9DFC-1407A1603011} = {B1BFA149-C00E-451C-BD26-C4858FEB0285}
		{DAD6240E-BC11-4C1C-B994-22E62D579C95} = {61F5D109-C217-4450-9DFC-1407A1603011}
		{114FB3DE-C465-4CD6-B767-36BE70C145A7} = {61F5D109-C217-4450-9DFC-1407A1603011}
		{7F801F0F-7768-4B5E-8EA8-B76E6DDC2F0F} = {61F5D109-C217-4450-9DFC-1407A1603011}
		{B1BCFBCE-7C64-4DE7-B795-051E2DBDBD8E} = {61F5D109-C217-4450-9DFC-1407A1603011}
		{6B651FEF-BC7D-443E-A343-D762BF3BF92C} = {B1BFA149-C00E-451C-BD26-C4858FEB0285}
		{004BF324-AE32-46B6-9770-9106893D41A1} = {6B651FEF-BC7D-443E-A343-D762BF3BF92C}
		{A4826227-333E-4848-A99B-92D482289D12} = {6B651FEF-BC7D-443E-A343-D762BF3BF92C}
		{18D860C5-E276-4DE7-8F3A-7FE3E155B64B} = {6B651FEF-BC7D-443E-A343-D762BF3BF92C}
		{9AA7D379-3457-4BDC-BEA9-E6E16C573DFA} = {6B651FEF-BC7D-443E-A343-D762BF3BF92C}
		{FE6743E3-50D3-4E8C-91D6-522823979AF9} = {6B651FEF-BC7D-443E-A343-D762BF3BF92C}
		{6C1C121F-39B6-4901-93F7-EF3ED978D0C3} = {B1BFA149-C00E-451C-BD26-C4858FEB0285}
		{906CDB8D-1CB4-498E-8C46-1F0A55E52C84} = {6C1C121F-39B6-4901-93F7-EF3ED978D0C3}
		{3B555D31-B030-4A42-A859-73AA262A42F7} = {6C1C121F-39B6-4901-93F7-EF3ED978D0C3}
		{C044A5B5-9450-4F49-9953-0168889AB4FA} = {6C1C121F-39B6-4901-93F7-EF3ED978D0C3}
		{AE3C46DD-7ED5-4655-A498-E76C16AFCCDA} = {6C1C121F-39B6-4901-93F7-EF3ED978D0C3}
		{317CBE36-9D0B-400B-9FC3-DCED7CEADEC2} = {B1BFA149-C00E-451C-BD26-C4858FEB0285}
		{74CD4250-6487-4934-B11A-ED429F192FFA} = {317CBE36-9D0B-400B-9FC3-DCED7CEADEC2}
		{3F93C1ED-B5BF-442C-BFAC-4771DB39FA8A} = {317CBE36-9D0B-400B-9FC3-DCED7CEADEC2}
		{C2E33745-061D-4E64-A075-77BF93E20F8B} = {317CBE36-9D0B-400B-9FC3-DCED7CEADEC2}
		{1961D428-60B3-4323-A835-190A9023A742} = {317CBE36-9D0B-400B-9FC3-DCED7CEADEC2}
		{3D894227-8E3E-46C2-B0F1-8640700ED7A1} = {A48EA14D-D17F-46E4-A1A3-283C2BC2509C}
		{1AEC265C-BF39-488A-B2AC-63013A9B186C} = {A48EA14D-D17F-46E4-A1A3-283C2BC2509C}
		{E02FB4CB-56DD-4A9D-9E79-0074D90C8D46} = {317CBE36-9D0B-400B-9FC3-DCED7CEADEC2}
		{808B1E9D-E546-43F1-A1BA-415C31C9B0F8} = {B1BFA149-C00E-451C-BD26-C4858FEB0285}
		{20C266EF-928B-4A17-81BF-864718532761} = {808B1E9D-E546-43F1-A1BA-415C31C9B0F8}
		{8405ED46-4579-4F31-AAC4-1D39363E446B} = {808B1E9D-E546-43F1-A1BA-415C31C9B0F8}
		{64ADDFEB-EA7B-47BC-BD4E-7D3029FF7E8B} = {808B1E9D-E546-43F1-A1BA-415C31C9B0F8}
		{37F606DD-E776-4F63-8B43-094187D9634F} = {808B1E9D-E546-43F1-A1BA-415C31C9B0F8}
		{C35486A6-46F4-4015-95E4-8640B1AA25B9} = {A48EA14D-D17F-46E4-A1A3-283C2BC2509C}
		{C7677486-B8B8-43CC-B6DE-EA4D5AAB7EAC} = {A48EA14D-D17F-46E4-A1A3-283C2BC2509C}
		{852651EB-0757-4655-9652-76B410A6CD3E} = {B1BFA149-C00E-451C-BD26-C4858FEB0285}
		{BA8C6708-72AA-4FDE-946C-35653F647E11} = {852651EB-0757-4655-9652-76B410A6CD3E}
		{D46A7283-3A28-4DE6-9998-74075AF98554} = {DD067621-ABBA-4F30-A31C-3D7DBC8BB9AE}
		{89CA5380-4991-406A-83CA-5A691AA4F338} = {DD067621-ABBA-4F30-A31C-3D7DBC8BB9AE}
		{2ABDD37C-DC69-43C2-BE69-0E115ACEBAD4} = {B1BFA149-C00E-451C-BD26-C4858FEB0285}
		{E857C9B4-D116-4683-9F88-BEF211489EFD} = {2ABDD37C-DC69-43C2-BE69-0E115ACEBAD4}
		{4C227643-FC2C-430B-99DA-2D48E2713D18} = {2ABDD37C-DC69-43C2-BE69-0E115ACEBAD4}
		{A91CC329-668E-41D4-A1E8-4E0090B5F1A0} = {2ABDD37C-DC69-43C2-BE69-0E115ACEBAD4}
		{C656AC0D-33FD-4F25-9D70-BEEC624E125F} = {2ABDD37C-DC69-43C2-BE69-0E115ACEBAD4}
		{A5A07F5D-FF42-474C-BC2B-D1D428D58AD8} = {808B1E9D-E546-43F1-A1BA-415C31C9B0F8}
		{3041F500-74CD-4914-8095-754283019C05} = {A23D3945-9E5A-4CB3-9086-D087F60ED910}
		{ED35C552-2980-4BB8-9ABA-127F428846FA} = {DD067621-ABBA-4F30-A31C-3D7DBC8BB9AE}
		{070863C5-8269-4AE9-AE75-A8E19D8C2920} = {B1BFA149-C00E-451C-BD26-C4858FEB0285}
		{6B908A1B-AD2F-422D-9A59-D3DAAD93174F} = {070863C5-8269-4AE9-AE75-A8E19D8C2920}
		{DB854C42-B9E2-42E8-B573-A01028733432} = {070863C5-8269-4AE9-AE75-A8E19D8C2920}
		{1D058CC0-91A4-4FFA-815D-BF7EEB07429E} = {070863C5-8269-4AE9-AE75-A8E19D8C2920}
		{BCEC5B76-3C07-4223-8C37-15EB7CCECF78} = {070863C5-8269-4AE9-AE75-A8E19D8C2920}
		{27F1AC4E-5D3D-49BE-9B15-8988B2504501} = {A48EA14D-D17F-46E4-A1A3-283C2BC2509C}
		{862F588C-4CFD-4BBE-86C2-A7F3721FFABC} = {DD067621-ABBA-4F30-A31C-3D7DBC8BB9AE}
		{67129BEB-D762-4F43-9925-E650BC326077} = {B1BFA149-C00E-451C-BD26-C4858FEB0285}
		{12D1CC64-92FA-4194-A8CE-FA891EC1AD31} = {67129BEB-D762-4F43-9925-E650BC326077}
		{97F34624-0D75-43A6-80B0-012B4D69FB91} = {67129BEB-D762-4F43-9925-E650BC326077}
		{00296B48-2C73-4F7F-BAEC-8C0B90E41FEA} = {67129BEB-D762-4F43-9925-E650BC326077}
		{506C68EF-5BC3-4A9C-9B4A-E7055624666F} = {67129BEB-D762-4F43-9925-E650BC326077}
		{3A5E22C9-EC32-4C4B-BEEF-CDA5301ABA66} = {DD067621-ABBA-4F30-A31C-3D7DBC8BB9AE}
		{D7B833F6-C115-4EC2-8A70-CEFB6A63D42F} = {7CCB96C3-C33F-4869-928A-2E25DD614D07}
		{5B854781-E389-4E2A-9329-F87C1DDA0FDB} = {B12213F2-CC63-4E2B-822D-5502050A401B}
	EndGlobalSection
	GlobalSection(ExtensibilityGlobals) = postSolution
		SolutionGuid = {402CE6D6-7D33-423C-9052-FFCF8DE282D8}
	EndGlobalSection
EndGlobal
